
Microsoft Visual Studio Solution File, Format Version 12.00
# Visual Studio Version 17
VisualStudioVersion = 17.5.002.0
MinimumVisualStudioVersion = 10.0.40219.1
Project("{2150E333-8FDC-42A3-9474-1A3956D46DE8}") = "csharp-prep", "csharp-prep", "{7C66339B-C4EF-429A-A7C4-FB1F8DA8B093}"
EndProject
Project("{9A19103F-16F7-4668-BE54-9A1E7A4F7556}") = "Prep1", "csharp-prep\Prep1\Prep1.csproj", "{EEE412EA-BACD-42E8-91EB-50EB2D0AD1B4}"
EndProject
Project("{9A19103F-16F7-4668-BE54-9A1E7A4F7556}") = "Prep2", "csharp-prep\Prep2\Prep2.csproj", "{B83E49EC-B68D-4B55-98A5-AA1B73D60C60}"
EndProject
Project("{9A19103F-16F7-4668-BE54-9A1E7A4F7556}") = "Prep3", "csharp-prep\Prep3\Prep3.csproj", "{4FFDE731-3A4B-439A-8D37-604FCC53D3EA}"
EndProject
Project("{9A19103F-16F7-4668-BE54-9A1E7A4F7556}") = "Prep4", "csharp-prep\Prep4\Prep4.csproj", "{E9035FDC-9180-4080-A014-FE2B5E9EB1A9}"
EndProject
Project("{9A19103F-16F7-4668-BE54-9A1E7A4F7556}") = "Prep5", "csharp-prep\Prep5\Prep5.csproj", "{481B221C-A803-4768-AA6E-03A123375F92}"
EndProject
Project("{2150E333-8FDC-42A3-9474-1A3956D46DE8}") = "final", "final", "{98A21632-A5C6-4464-86C5-6BF2B174B6EB}"
EndProject
Project("{9A19103F-16F7-4668-BE54-9A1E7A4F7556}") = "FinalProject", "final\FinalProject\FinalProject.csproj", "{0317CD81-07F5-45A6-8234-D1670EAA098F}"
EndProject
Project("{9A19103F-16F7-4668-BE54-9A1E7A4F7556}") = "Foundation1", "final\Foundation1\Foundation1.csproj", "{6DDBBADB-62E3-4C8B-8B15-B08AD592CC2F}"
EndProject
Project("{9A19103F-16F7-4668-BE54-9A1E7A4F7556}") = "Foundation2", "final\Foundation2\Foundation2.csproj", "{1C26EB64-E711-411B-96AE-D251177B4E5D}"
EndProject
Project("{9A19103F-16F7-4668-BE54-9A1E7A4F7556}") = "Foundation3", "final\Foundation3\Foundation3.csproj", "{D694A394-15EE-4325-AFDD-AE035DC6112F}"
EndProject
Project("{9A19103F-16F7-4668-BE54-9A1E7A4F7556}") = "Foundation4", "final\Foundation4\Foundation4.csproj", "{1ADAEB21-FC51-49CF-A4A5-54D665FA8603}"
EndProject
Project("{2150E333-8FDC-42A3-9474-1A3956D46DE8}") = "prepare", "prepare", "{5501B271-A904-4803-9D38-927B120C1003}"
EndProject
Project("{9A19103F-16F7-4668-BE54-9A1E7A4F7556}") = "Learning02", "prepare\Learning02\Learning02.csproj", "{88F5AED8-BF0A-4942-A548-C77D7E68656E}"
EndProject
Project("{9A19103F-16F7-4668-BE54-9A1E7A4F7556}") = "Learning03", "prepare\Learning03\Learning03.csproj", "{6B75D964-BDDF-4DB7-BAA4-8179F8C195B3}"
EndProject
Project("{9A19103F-16F7-4668-BE54-9A1E7A4F7556}") = "Learning04", "prepare\Learning04\Learning04.csproj", "{262EF552-6076-4EB3-9D7C-731C993C348D}"
EndProject
Project("{9A19103F-16F7-4668-BE54-9A1E7A4F7556}") = "Learning05", "prepare\Learning05\Learning05.csproj", "{A758ADA4-A014-474D-A8C8-52C331E622F0}"
EndProject
Project("{2150E333-8FDC-42A3-9474-1A3956D46DE8}") = "prove", "prove", "{97030DB0-B941-423F-A0EF-D27AE768427A}"
EndProject
Project("{9A19103F-16F7-4668-BE54-9A1E7A4F7556}") = "Develop02", "prove\Develop02\Develop02.csproj", "{4855DE81-86A1-4A78-AE8F-0B3DE9193C4E}"
EndProject
Project("{9A19103F-16F7-4668-BE54-9A1E7A4F7556}") = "Develop03", "prove\Develop03\Develop03.csproj", "{28B3AEA0-1DA2-410D-83A0-7C36D9D93B09}"
EndProject
Project("{9A19103F-16F7-4668-BE54-9A1E7A4F7556}") = "Develop04", "prove\Develop04\Develop04.csproj", "{89594178-86BA-4472-93A3-0D34D979ACA1}"
EndProject
Project("{9A19103F-16F7-4668-BE54-9A1E7A4F7556}") = "Develop05", "prove\Develop05\Develop05.csproj", "{880A914D-3DBF-4D98-A88A-D239BAA058B3}"
EndProject
Project("{2150E333-8FDC-42A3-9474-1A3956D46DE8}") = "sandbox", "sandbox", "{40FED903-5BC7-47B2-92D4-B739DD848580}"
EndProject
Project("{9A19103F-16F7-4668-BE54-9A1E7A4F7556}") = "Sandbox", "sandbox\Sandbox\Sandbox.csproj", "{76FB8EB4-F8AB-4836-AE1F-A3EBA58A8FF6}"
EndProject
Global
	GlobalSection(SolutionConfigurationPlatforms) = preSolution
		Debug|Any CPU = Debug|Any CPU
		Release|Any CPU = Release|Any CPU
	EndGlobalSection
	GlobalSection(ProjectConfigurationPlatforms) = postSolution
		{EEE412EA-BACD-42E8-91EB-50EB2D0AD1B4}.Debug|Any CPU.ActiveCfg = Debug|Any CPU
		{EEE412EA-BACD-42E8-91EB-50EB2D0AD1B4}.Debug|Any CPU.Build.0 = Debug|Any CPU
		{EEE412EA-BACD-42E8-91EB-50EB2D0AD1B4}.Release|Any CPU.ActiveCfg = Release|Any CPU
		{EEE412EA-BACD-42E8-91EB-50EB2D0AD1B4}.Release|Any CPU.Build.0 = Release|Any CPU
		{B83E49EC-B68D-4B55-98A5-AA1B73D60C60}.Debug|Any CPU.ActiveCfg = Debug|Any CPU
		{B83E49EC-B68D-4B55-98A5-AA1B73D60C60}.Debug|Any CPU.Build.0 = Debug|Any CPU
		{B83E49EC-B68D-4B55-98A5-AA1B73D60C60}.Release|Any CPU.ActiveCfg = Release|Any CPU
		{B83E49EC-B68D-4B55-98A5-AA1B73D60C60}.Release|Any CPU.Build.0 = Release|Any CPU
		{4FFDE731-3A4B-439A-8D37-604FCC53D3EA}.Debug|Any CPU.ActiveCfg = Debug|Any CPU
		{4FFDE731-3A4B-439A-8D37-604FCC53D3EA}.Debug|Any CPU.Build.0 = Debug|Any CPU
		{4FFDE731-3A4B-439A-8D37-604FCC53D3EA}.Release|Any CPU.ActiveCfg = Release|Any CPU
		{4FFDE731-3A4B-439A-8D37-604FCC53D3EA}.Release|Any CPU.Build.0 = Release|Any CPU
		{E9035FDC-9180-4080-A014-FE2B5E9EB1A9}.Debug|Any CPU.ActiveCfg = Debug|Any CPU
		{E9035FDC-9180-4080-A014-FE2B5E9EB1A9}.Debug|Any CPU.Build.0 = Debug|Any CPU
		{E9035FDC-9180-4080-A014-FE2B5E9EB1A9}.Release|Any CPU.ActiveCfg = Release|Any CPU
		{E9035FDC-9180-4080-A014-FE2B5E9EB1A9}.Release|Any CPU.Build.0 = Release|Any CPU
		{481B221C-A803-4768-AA6E-03A123375F92}.Debug|Any CPU.ActiveCfg = Debug|Any CPU
		{481B221C-A803-4768-AA6E-03A123375F92}.Debug|Any CPU.Build.0 = Debug|Any CPU
		{481B221C-A803-4768-AA6E-03A123375F92}.Release|Any CPU.ActiveCfg = Release|Any CPU
		{481B221C-A803-4768-AA6E-03A123375F92}.Release|Any CPU.Build.0 = Release|Any CPU
		{0317CD81-07F5-45A6-8234-D1670EAA098F}.Debug|Any CPU.ActiveCfg = Debug|Any CPU
		{0317CD81-07F5-45A6-8234-D1670EAA098F}.Debug|Any CPU.Build.0 = Debug|Any CPU
		{0317CD81-07F5-45A6-8234-D1670EAA098F}.Release|Any CPU.ActiveCfg = Release|Any CPU
		{0317CD81-07F5-45A6-8234-D1670EAA098F}.Release|Any CPU.Build.0 = Release|Any CPU
		{6DDBBADB-62E3-4C8B-8B15-B08AD592CC2F}.Debug|Any CPU.ActiveCfg = Debug|Any CPU
		{6DDBBADB-62E3-4C8B-8B15-B08AD592CC2F}.Debug|Any CPU.Build.0 = Debug|Any CPU
		{6DDBBADB-62E3-4C8B-8B15-B08AD592CC2F}.Release|Any CPU.ActiveCfg = Release|Any CPU
		{6DDBBADB-62E3-4C8B-8B15-B08AD592CC2F}.Release|Any CPU.Build.0 = Release|Any CPU
		{1C26EB64-E711-411B-96AE-D251177B4E5D}.Debug|Any CPU.ActiveCfg = Debug|Any CPU
		{1C26EB64-E711-411B-96AE-D251177B4E5D}.Debug|Any CPU.Build.0 = Debug|Any CPU
		{1C26EB64-E711-411B-96AE-D251177B4E5D}.Release|Any CPU.ActiveCfg = Release|Any CPU
		{1C26EB64-E711-411B-96AE-D251177B4E5D}.Release|Any CPU.Build.0 = Release|Any CPU
		{D694A394-15EE-4325-AFDD-AE035DC6112F}.Debug|Any CPU.ActiveCfg = Debug|Any CPU
		{D694A394-15EE-4325-AFDD-AE035DC6112F}.Debug|Any CPU.Build.0 = Debug|Any CPU
		{D694A394-15EE-4325-AFDD-AE035DC6112F}.Release|Any CPU.ActiveCfg = Release|Any CPU
		{D694A394-15EE-4325-AFDD-AE035DC6112F}.Release|Any CPU.Build.0 = Release|Any CPU
		{1ADAEB21-FC51-49CF-A4A5-54D665FA8603}.Debug|Any CPU.ActiveCfg = Debug|Any CPU
		{1ADAEB21-FC51-49CF-A4A5-54D665FA8603}.Debug|Any CPU.Build.0 = Debug|Any CPU
		{1ADAEB21-FC51-49CF-A4A5-54D665FA8603}.Release|Any CPU.ActiveCfg = Release|Any CPU
		{1ADAEB21-FC51-49CF-A4A5-54D665FA8603}.Release|Any CPU.Build.0 = Release|Any CPU
		{88F5AED8-BF0A-4942-A548-C77D7E68656E}.Debug|Any CPU.ActiveCfg = Debug|Any CPU
		{88F5AED8-BF0A-4942-A548-C77D7E68656E}.Debug|Any CPU.Build.0 = Debug|Any CPU
		{88F5AED8-BF0A-4942-A548-C77D7E68656E}.Release|Any CPU.ActiveCfg = Release|Any CPU
		{88F5AED8-BF0A-4942-A548-C77D7E68656E}.Release|Any CPU.Build.0 = Release|Any CPU
		{6B75D964-BDDF-4DB7-BAA4-8179F8C195B3}.Debug|Any CPU.ActiveCfg = Debug|Any CPU
		{6B75D964-BDDF-4DB7-BAA4-8179F8C195B3}.Debug|Any CPU.Build.0 = Debug|Any CPU
		{6B75D964-BDDF-4DB7-BAA4-8179F8C195B3}.Release|Any CPU.ActiveCfg = Release|Any CPU
		{6B75D964-BDDF-4DB7-BAA4-8179F8C195B3}.Release|Any CPU.Build.0 = Release|Any CPU
		{262EF552-6076-4EB3-9D7C-731C993C348D}.Debug|Any CPU.ActiveCfg = Debug|Any CPU
		{262EF552-6076-4EB3-9D7C-731C993C348D}.Debug|Any CPU.Build.0 = Debug|Any CPU
		{262EF552-6076-4EB3-9D7C-731C993C348D}.Release|Any CPU.ActiveCfg = Release|Any CPU
		{262EF552-6076-4EB3-9D7C-731C993C348D}.Release|Any CPU.Build.0 = Release|Any CPU
		{A758ADA4-A014-474D-A8C8-52C331E622F0}.Debug|Any CPU.ActiveCfg = Debug|Any CPU
		{A758ADA4-A014-474D-A8C8-52C331E622F0}.Debug|Any CPU.Build.0 = Debug|Any CPU
		{A758ADA4-A014-474D-A8C8-52C331E622F0}.Release|Any CPU.ActiveCfg = Release|Any CPU
		{A758ADA4-A014-474D-A8C8-52C331E622F0}.Release|Any CPU.Build.0 = Release|Any CPU
		{4855DE81-86A1-4A78-AE8F-0B3DE9193C4E}.Debug|Any CPU.ActiveCfg = Debug|Any CPU
		{4855DE81-86A1-4A78-AE8F-0B3DE9193C4E}.Debug|Any CPU.Build.0 = Debug|Any CPU
		{4855DE81-86A1-4A78-AE8F-0B3DE9193C4E}.Release|Any CPU.ActiveCfg = Release|Any CPU
		{4855DE81-86A1-4A78-AE8F-0B3DE9193C4E}.Release|Any CPU.Build.0 = Release|Any CPU
		{28B3AEA0-1DA2-410D-83A0-7C36D9D93B09}.Debug|Any CPU.ActiveCfg = Debug|Any CPU
		{28B3AEA0-1DA2-410D-83A0-7C36D9D93B09}.Debug|Any CPU.Build.0 = Debug|Any CPU
		{28B3AEA0-1DA2-410D-83A0-7C36D9D93B09}.Release|Any CPU.ActiveCfg = Release|Any CPU
		{28B3AEA0-1DA2-410D-83A0-7C36D9D93B09}.Release|Any CPU.Build.0 = Release|Any CPU
		{89594178-86BA-4472-93A3-0D34D979ACA1}.Debug|Any CPU.ActiveCfg = Debug|Any CPU
		{89594178-86BA-4472-93A3-0D34D979ACA1}.Debug|Any CPU.Build.0 = Debug|Any CPU
		{89594178-86BA-4472-93A3-0D34D979ACA1}.Release|Any CPU.ActiveCfg = Release|Any CPU
		{89594178-86BA-4472-93A3-0D34D979ACA1}.Release|Any CPU.Build.0 = Release|Any CPU
		{880A914D-3DBF-4D98-A88A-D239BAA058B3}.Debug|Any CPU.ActiveCfg = Debug|Any CPU
		{880A914D-3DBF-4D98-A88A-D239BAA058B3}.Debug|Any CPU.Build.0 = Debug|Any CPU
		{880A914D-3DBF-4D98-A88A-D239BAA058B3}.Release|Any CPU.ActiveCfg = Release|Any CPU
		{880A914D-3DBF-4D98-A88A-D239BAA058B3}.Release|Any CPU.Build.0 = Release|Any CPU
		{76FB8EB4-F8AB-4836-AE1F-A3EBA58A8FF6}.Debug|Any CPU.ActiveCfg = Debug|Any CPU
		{76FB8EB4-F8AB-4836-AE1F-A3EBA58A8FF6}.Debug|Any CPU.Build.0 = Debug|Any CPU
		{76FB8EB4-F8AB-4836-AE1F-A3EBA58A8FF6}.Release|Any CPU.ActiveCfg = Release|Any CPU
		{76FB8EB4-F8AB-4836-AE1F-A3EBA58A8FF6}.Release|Any CPU.Build.0 = Release|Any CPU
	EndGlobalSection
	GlobalSection(SolutionProperties) = preSolution
		HideSolutionNode = FALSE
	EndGlobalSection
	GlobalSection(NestedProjects) = preSolution
		{EEE412EA-BACD-42E8-91EB-50EB2D0AD1B4} = {7C66339B-C4EF-429A-A7C4-FB1F8DA8B093}
		{B83E49EC-B68D-4B55-98A5-AA1B73D60C60} = {7C66339B-C4EF-429A-A7C4-FB1F8DA8B093}
		{4FFDE731-3A4B-439A-8D37-604FCC53D3EA} = {7C66339B-C4EF-429A-A7C4-FB1F8DA8B093}
		{E9035FDC-9180-4080-A014-FE2B5E9EB1A9} = {7C66339B-C4EF-429A-A7C4-FB1F8DA8B093}
		{481B221C-A803-4768-AA6E-03A123375F92} = {7C66339B-C4EF-429A-A7C4-FB1F8DA8B093}
		{0317CD81-07F5-45A6-8234-D1670EAA098F} = {98A21632-A5C6-4464-86C5-6BF2B174B6EB}
		{6DDBBADB-62E3-4C8B-8B15-B08AD592CC2F} = {98A21632-A5C6-4464-86C5-6BF2B174B6EB}
		{1C26EB64-E711-411B-96AE-D251177B4E5D} = {98A21632-A5C6-4464-86C5-6BF2B174B6EB}
		{D694A394-15EE-4325-AFDD-AE035DC6112F} = {98A21632-A5C6-4464-86C5-6BF2B174B6EB}
		{1ADAEB21-FC51-49CF-A4A5-54D665FA8603} = {98A21632-A5C6-4464-86C5-6BF2B174B6EB}
		{88F5AED8-BF0A-4942-A548-C77D7E68656E} = {5501B271-A904-4803-9D38-927B120C1003}
		{6B75D964-BDDF-4DB7-BAA4-8179F8C195B3} = {5501B271-A904-4803-9D38-927B120C1003}
		{262EF552-6076-4EB3-9D7C-731C993C348D} = {5501B271-A904-4803-9D38-927B120C1003}
		{A758ADA4-A014-474D-A8C8-52C331E622F0} = {5501B271-A904-4803-9D38-927B120C1003}
		{4855DE81-86A1-4A78-AE8F-0B3DE9193C4E} = {97030DB0-B941-423F-A0EF-D27AE768427A}
		{28B3AEA0-1DA2-410D-83A0-7C36D9D93B09} = {97030DB0-B941-423F-A0EF-D27AE768427A}
		{89594178-86BA-4472-93A3-0D34D979ACA1} = {97030DB0-B941-423F-A0EF-D27AE768427A}
		{880A914D-3DBF-4D98-A88A-D239BAA058B3} = {97030DB0-B941-423F-A0EF-D27AE768427A}
		{76FB8EB4-F8AB-4836-AE1F-A3EBA58A8FF6} = {40FED903-5BC7-47B2-92D4-B739DD848580}
	EndGlobalSection
	GlobalSection(ExtensibilityGlobals) = postSolution
		SolutionGuid = {8FEFF42D-B130-446D-9045-413136D45F47}
	EndGlobalSection
EndGlobal
